
Microsoft Visual Studio Solution File, Format Version 12.00
# Visual Studio 15
VisualStudioVersion = 15.0.28010.0
MinimumVisualStudioVersion = 10.0.40219.1
Project("{FAE04EC0-301F-11D3-BF4B-00C04F79EFBC}") = "InvestManager", "InvestManager\InvestManager.csproj", "{832D64A0-EFC7-4792-9853-B30013A4D447}"
EndProject
Global
	GlobalSection(SolutionConfigurationPlatforms) = preSolution
		Debug|Any CPU = Debug|Any CPU
		Release|Any CPU = Release|Any CPU
	EndGlobalSection
	GlobalSection(ProjectConfigurationPlatforms) = postSolution
		{832D64A0-EFC7-4792-9853-B30013A4D447}.Debug|Any CPU.ActiveCfg = Debug|Any CPU
		{832D64A0-EFC7-4792-9853-B30013A4D447}.Debug|Any CPU.Build.0 = Debug|Any CPU
		{832D64A0-EFC7-4792-9853-B30013A4D447}.Release|Any CPU.ActiveCfg = Release|Any CPU
		{832D64A0-EFC7-4792-9853-B30013A4D447}.Release|Any CPU.Build.0 = Release|Any CPU
	EndGlobalSection
	GlobalSection(SolutionProperties) = preSolution
		HideSolutionNode = FALSE
	EndGlobalSection
	GlobalSection(ExtensibilityGlobals) = postSolution
		SolutionGuid = {4BB8E95C-C57B-456A-B56B-DA31BE72E03E}
	EndGlobalSection
EndGlobal
